{
  "name": "11",
  "lockfileVersion": 2,
  "requires": true,
  "packages": {
    "": {
      "dependencies": {
        "pgwslider": "^2.3.1"
      }
    },
    "node_modules/pgwslider": {
      "version": "2.3.1",
      "resolved": "https://registry.npmjs.org/pgwslider/-/pgwslider-2.3.1.tgz",
      "integrity": "sha1-MfUayjLq8SzRgNKPtcJWwclcFQg="
    }
  },
  "dependencies": {
    "pgwslider": {
      "version": "2.3.1",
      "resolved": "https://registry.npmjs.org/pgwslider/-/pgwslider-2.3.1.tgz",
      "integrity": "sha1-MfUayjLq8SzRgNKPtcJWwclcFQg="
    }
  }
}
